
Microsoft Visual Studio Solution File, Format Version 11.00
# Visual Studio 2010
Project("{FAE04EC0-301F-11D3-BF4B-00C04F79EFBC}") = "Gurnet.Client.Console", "src\Gurnet.Client.Console\Gurnet.Client.Console.csproj", "{F9ACEAB3-F1EC-4A56-9646-A0841B0B522E}"
EndProject
Project("{2150E333-8FDC-42A3-9474-1A3956D46DE8}") = "lib", "lib", "{C2A1D517-8A0F-4964-B7C3-4EF2FF29F0B1}"
EndProject
Project("{2150E333-8FDC-42A3-9474-1A3956D46DE8}") = "lidgren", "lidgren", "{9ACC269A-14EE-4780-AFF6-4189E7D29CF4}"
EndProject
Project("{FAE04EC0-301F-11D3-BF4B-00C04F79EFBC}") = "Lidgren.Network", "lib\lidgren\Lidgren.Network\Lidgren.Network.csproj", "{49BA1C69-6104-41AC-A5D8-B54FA9F696E8}"
EndProject
Project("{FAE04EC0-301F-11D3-BF4B-00C04F79EFBC}") = "Gurnet.Core", "src\Gurnet.Core\Gurnet.Core.csproj", "{448DE2E0-89B2-48D5-B92B-DD384917E539}"
EndProject
Project("{FAE04EC0-301F-11D3-BF4B-00C04F79EFBC}") = "Gurnet.Server.Console", "src\Gurnet.Server.Console\Gurnet.Server.Console.csproj", "{35D03B5C-11FE-483A-8577-020F9B322049}"
EndProject
Global
        GlobalSection(SolutionConfigurationPlatforms) = preSolution
                Debug|Any CPU = Debug|Any CPU
                Release|Any CPU = Release|Any CPU
        EndGlobalSection
        GlobalSection(ProjectConfigurationPlatforms) = postSolution
                {35D03B5C-11FE-483A-8577-020F9B322049}.Debug|Any CPU.ActiveCfg = Debug|Any CPU
                {35D03B5C-11FE-483A-8577-020F9B322049}.Debug|Any CPU.Build.0 = Debug|Any CPU
                {35D03B5C-11FE-483A-8577-020F9B322049}.Release|Any CPU.ActiveCfg = Release|Any CPU
                {35D03B5C-11FE-483A-8577-020F9B322049}.Release|Any CPU.Build.0 = Release|Any CPU
                {448DE2E0-89B2-48D5-B92B-DD384917E539}.Debug|Any CPU.ActiveCfg = Debug|Any CPU
                {448DE2E0-89B2-48D5-B92B-DD384917E539}.Debug|Any CPU.Build.0 = Debug|Any CPU
                {448DE2E0-89B2-48D5-B92B-DD384917E539}.Release|Any CPU.ActiveCfg = Release|Any CPU
                {448DE2E0-89B2-48D5-B92B-DD384917E539}.Release|Any CPU.Build.0 = Release|Any CPU
                {49BA1C69-6104-41AC-A5D8-B54FA9F696E8}.Debug|Any CPU.ActiveCfg = Debug|Any CPU
                {49BA1C69-6104-41AC-A5D8-B54FA9F696E8}.Debug|Any CPU.Build.0 = Debug|Any CPU
                {49BA1C69-6104-41AC-A5D8-B54FA9F696E8}.Release|Any CPU.ActiveCfg = Release|Any CPU
                {49BA1C69-6104-41AC-A5D8-B54FA9F696E8}.Release|Any CPU.Build.0 = Release|Any CPU
                {F9ACEAB3-F1EC-4A56-9646-A0841B0B522E}.Debug|Any CPU.ActiveCfg = Debug|Any CPU
                {F9ACEAB3-F1EC-4A56-9646-A0841B0B522E}.Debug|Any CPU.Build.0 = Debug|Any CPU
                {F9ACEAB3-F1EC-4A56-9646-A0841B0B522E}.Release|Any CPU.ActiveCfg = Release|Any CPU
                {F9ACEAB3-F1EC-4A56-9646-A0841B0B522E}.Release|Any CPU.Build.0 = Release|Any CPU
        EndGlobalSection
        GlobalSection(NestedProjects) = preSolution
                {9ACC269A-14EE-4780-AFF6-4189E7D29CF4} = {C2A1D517-8A0F-4964-B7C3-4EF2FF29F0B1}
                {49BA1C69-6104-41AC-A5D8-B54FA9F696E8} = {9ACC269A-14EE-4780-AFF6-4189E7D29CF4}
        EndGlobalSection
        GlobalSection(MonoDevelopProperties) = preSolution
                StartupItem = src\Gurnet.Client.Console\Gurnet.Client.Console.csproj
        EndGlobalSection
EndGlobal
